
Microsoft Visual Studio Solution File, Format Version 12.00
# Visual Studio Version 16
VisualStudioVersion = 16.0.30907.101
MinimumVisualStudioVersion = 10.0.40219.1
Project("{9A19103F-16F7-4668-BE54-9A1E7A4F7556}") = "KampIntro", "KampIntro\KampIntro.csproj", "{6ED288A9-C5B2-45CE-802F-AB50091A19B8}"
EndProject
Project("{9A19103F-16F7-4668-BE54-9A1E7A4F7556}") = "OOP2", "Oop2\OOP2.csproj", "{B30267C8-B3EC-4249-BD4B-244F46ADECC2}"
EndProject
Project("{9A19103F-16F7-4668-BE54-9A1E7A4F7556}") = "Donguler", "Donguler\Donguler.csproj", "{B7687EC4-4420-4F9E-8877-1DE902178514}"
EndProject
Project("{9A19103F-16F7-4668-BE54-9A1E7A4F7556}") = "ClassIntro", "ClassIntro\ClassIntro.csproj", "{0AE5D79C-9D16-472A-8550-D6F30813A90F}"
EndProject
Project("{9A19103F-16F7-4668-BE54-9A1E7A4F7556}") = "Metotlar", "Metotlar\Metotlar.csproj", "{BD5823EE-CEB2-4800-96B2-9E2B670FEC12}"
EndProject
Project("{9A19103F-16F7-4668-BE54-9A1E7A4F7556}") = "Matematik", "Matematik\Matematik.csproj", "{B821D6CE-928B-4C14-8D70-5E99A6E227EE}"
EndProject
Project("{9A19103F-16F7-4668-BE54-9A1E7A4F7556}") = "DegerVeReferansTipler", "DegerVeReferansTipler\DegerVeReferansTipler.csproj", "{C657B987-6066-4B54-B1F7-15ED88E23DE1}"
EndProject
Project("{FAE04EC0-301F-11D3-BF4B-00C04F79EFBC}") = "OOP1", "OOP1\OOP1.csproj", "{0F056406-F78A-4EC0-B48B-A41DC19DF9A4}"
EndProject
Project("{FAE04EC0-301F-11D3-BF4B-00C04F79EFBC}") = "Koleksiyonlar", "Koleksiyonlar\Koleksiyonlar.csproj", "{8E440013-B2BE-42B0-A6D1-5D87DFB4C5E9}"
EndProject
Project("{FAE04EC0-301F-11D3-BF4B-00C04F79EFBC}") = "GenericsIntro", "GenericsIntro\GenericsIntro.csproj", "{7FDA2011-8C62-4496-85EB-831126D147EB}"
EndProject
Global
	GlobalSection(SolutionConfigurationPlatforms) = preSolution
		Debug|Any CPU = Debug|Any CPU
		Release|Any CPU = Release|Any CPU
	EndGlobalSection
	GlobalSection(ProjectConfigurationPlatforms) = postSolution
		{6ED288A9-C5B2-45CE-802F-AB50091A19B8}.Debug|Any CPU.ActiveCfg = Debug|Any CPU
		{6ED288A9-C5B2-45CE-802F-AB50091A19B8}.Debug|Any CPU.Build.0 = Debug|Any CPU
		{6ED288A9-C5B2-45CE-802F-AB50091A19B8}.Release|Any CPU.ActiveCfg = Release|Any CPU
		{6ED288A9-C5B2-45CE-802F-AB50091A19B8}.Release|Any CPU.Build.0 = Release|Any CPU
		{B30267C8-B3EC-4249-BD4B-244F46ADECC2}.Debug|Any CPU.ActiveCfg = Debug|Any CPU
		{B30267C8-B3EC-4249-BD4B-244F46ADECC2}.Debug|Any CPU.Build.0 = Debug|Any CPU
		{B30267C8-B3EC-4249-BD4B-244F46ADECC2}.Release|Any CPU.ActiveCfg = Release|Any CPU
		{B30267C8-B3EC-4249-BD4B-244F46ADECC2}.Release|Any CPU.Build.0 = Release|Any CPU
		{B7687EC4-4420-4F9E-8877-1DE902178514}.Debug|Any CPU.ActiveCfg = Debug|Any CPU
		{B7687EC4-4420-4F9E-8877-1DE902178514}.Debug|Any CPU.Build.0 = Debug|Any CPU
		{B7687EC4-4420-4F9E-8877-1DE902178514}.Release|Any CPU.ActiveCfg = Release|Any CPU
		{B7687EC4-4420-4F9E-8877-1DE902178514}.Release|Any CPU.Build.0 = Release|Any CPU
		{0AE5D79C-9D16-472A-8550-D6F30813A90F}.Debug|Any CPU.ActiveCfg = Debug|Any CPU
		{0AE5D79C-9D16-472A-8550-D6F30813A90F}.Debug|Any CPU.Build.0 = Debug|Any CPU
		{0AE5D79C-9D16-472A-8550-D6F30813A90F}.Release|Any CPU.ActiveCfg = Release|Any CPU
		{0AE5D79C-9D16-472A-8550-D6F30813A90F}.Release|Any CPU.Build.0 = Release|Any CPU
		{BD5823EE-CEB2-4800-96B2-9E2B670FEC12}.Debug|Any CPU.ActiveCfg = Debug|Any CPU
		{BD5823EE-CEB2-4800-96B2-9E2B670FEC12}.Debug|Any CPU.Build.0 = Debug|Any CPU
		{BD5823EE-CEB2-4800-96B2-9E2B670FEC12}.Release|Any CPU.ActiveCfg = Release|Any CPU
		{BD5823EE-CEB2-4800-96B2-9E2B670FEC12}.Release|Any CPU.Build.0 = Release|Any CPU
		{B821D6CE-928B-4C14-8D70-5E99A6E227EE}.Debug|Any CPU.ActiveCfg = Debug|Any CPU
		{B821D6CE-928B-4C14-8D70-5E99A6E227EE}.Debug|Any CPU.Build.0 = Debug|Any CPU
		{B821D6CE-928B-4C14-8D70-5E99A6E227EE}.Release|Any CPU.ActiveCfg = Release|Any CPU
		{B821D6CE-928B-4C14-8D70-5E99A6E227EE}.Release|Any CPU.Build.0 = Release|Any CPU
		{C657B987-6066-4B54-B1F7-15ED88E23DE1}.Debug|Any CPU.ActiveCfg = Debug|Any CPU
		{C657B987-6066-4B54-B1F7-15ED88E23DE1}.Debug|Any CPU.Build.0 = Debug|Any CPU
		{C657B987-6066-4B54-B1F7-15ED88E23DE1}.Release|Any CPU.ActiveCfg = Release|Any CPU
		{C657B987-6066-4B54-B1F7-15ED88E23DE1}.Release|Any CPU.Build.0 = Release|Any CPU
		{0F056406-F78A-4EC0-B48B-A41DC19DF9A4}.Debug|Any CPU.ActiveCfg = Debug|Any CPU
		{0F056406-F78A-4EC0-B48B-A41DC19DF9A4}.Debug|Any CPU.Build.0 = Debug|Any CPU
		{0F056406-F78A-4EC0-B48B-A41DC19DF9A4}.Release|Any CPU.ActiveCfg = Release|Any CPU
		{0F056406-F78A-4EC0-B48B-A41DC19DF9A4}.Release|Any CPU.Build.0 = Release|Any CPU
		{8E440013-B2BE-42B0-A6D1-5D87DFB4C5E9}.Debug|Any CPU.ActiveCfg = Debug|Any CPU
		{8E440013-B2BE-42B0-A6D1-5D87DFB4C5E9}.Debug|Any CPU.Build.0 = Debug|Any CPU
		{8E440013-B2BE-42B0-A6D1-5D87DFB4C5E9}.Release|Any CPU.ActiveCfg = Release|Any CPU
		{8E440013-B2BE-42B0-A6D1-5D87DFB4C5E9}.Release|Any CPU.Build.0 = Release|Any CPU
		{7FDA2011-8C62-4496-85EB-831126D147EB}.Debug|Any CPU.ActiveCfg = Debug|Any CPU
		{7FDA2011-8C62-4496-85EB-831126D147EB}.Debug|Any CPU.Build.0 = Debug|Any CPU
		{7FDA2011-8C62-4496-85EB-831126D147EB}.Release|Any CPU.ActiveCfg = Release|Any CPU
		{7FDA2011-8C62-4496-85EB-831126D147EB}.Release|Any CPU.Build.0 = Release|Any CPU
	EndGlobalSection
	GlobalSection(SolutionProperties) = preSolution
		HideSolutionNode = FALSE
	EndGlobalSection
	GlobalSection(ExtensibilityGlobals) = postSolution
		SolutionGuid = {DDFCB2AD-8FA5-41AF-96B0-DC32F06BCBBC}
	EndGlobalSection
EndGlobal
